{
  "name": "react-math-graph",
  "version": "0.1.0",
  "lockfileVersion": 1,
  "dependencies": {
    "hoist-non-react-statics": {
      "version": "2.5.0",
      "resolved": "https://registry.npmjs.org/hoist-non-react-statics/-/hoist-non-react-statics-2.5.0.tgz",
      "integrity": "sha512-6Bl6XsDT1ntE0lHbIhr4Kp2PGcleGZ66qu5Jqk8lc0Xc/IeG6gVLmwUGs/K0Us+L8VWoKgj0uWdPMataOsm31w=="
    },
    "mobx": {
      "version": "4.1.1",
      "resolved": "https://registry.npmjs.org/mobx/-/mobx-4.1.1.tgz",
      "integrity": "sha1-fOfvkrIuhScdH8J0oSTX+jL8zus="
    },
    "mobx-react": {
      "version": "5.0.0",
      "resolved": "https://registry.npmjs.org/mobx-react/-/mobx-react-5.0.0.tgz",
      "integrity": "sha1-jVozvjdvoisYSm9VXUCmo6hFmhY="
    }
  }
}
